
Microsoft Visual Studio Solution File, Format Version 12.00
Project("{FAE04EC0-301F-11D3-BF4B-00C04F79EFBC}") = "MyDreamTimeTableApp", "MyDreamTimeTableApp\MyDreamTimeTableApp.csproj", "{AAA8D162-1508-4DA6-9250-C1E110E7624A}"
EndProject
Global
	GlobalSection(SolutionConfigurationPlatforms) = preSolution
		Debug|Any CPU = Debug|Any CPU
		Release|Any CPU = Release|Any CPU
	EndGlobalSection
	GlobalSection(ProjectConfigurationPlatforms) = postSolution
		{AAA8D162-1508-4DA6-9250-C1E110E7624A}.Debug|Any CPU.ActiveCfg = Debug|Any CPU
		{AAA8D162-1508-4DA6-9250-C1E110E7624A}.Debug|Any CPU.Build.0 = Debug|Any CPU
		{AAA8D162-1508-4DA6-9250-C1E110E7624A}.Release|Any CPU.ActiveCfg = Release|Any CPU
		{AAA8D162-1508-4DA6-9250-C1E110E7624A}.Release|Any CPU.Build.0 = Release|Any CPU
	EndGlobalSection
EndGlobal
