
Microsoft Visual Studio Solution File, Format Version 12.00
Project("{FAE04EC0-301F-11D3-BF4B-00C04F79EFBC}") = "Expedition178", "Expedition178\Expedition178.csproj", "{36D966B2-2834-46A3-BA3E-7889A41B41B5}"
EndProject
Project("{FAE04EC0-301F-11D3-BF4B-00C04F79EFBC}") = "Expedition178.Tests", "Expedition178.Tests\Expedition178.Tests.csproj", "{FFEBF44E-4CBD-4B7C-93E1-0D2569D31AFD}"
EndProject
Global
	GlobalSection(SolutionConfigurationPlatforms) = preSolution
		Debug|Any CPU = Debug|Any CPU
		Debug|x64 = Debug|x64
		Debug|x86 = Debug|x86
		Release|Any CPU = Release|Any CPU
		Release|x64 = Release|x64
		Release|x86 = Release|x86
	EndGlobalSection
	GlobalSection(ProjectConfigurationPlatforms) = postSolution
		{36D966B2-2834-46A3-BA3E-7889A41B41B5}.Debug|Any CPU.ActiveCfg = Debug|Any CPU
		{36D966B2-2834-46A3-BA3E-7889A41B41B5}.Debug|Any CPU.Build.0 = Debug|Any CPU
		{36D966B2-2834-46A3-BA3E-7889A41B41B5}.Debug|x64.ActiveCfg = Debug|Any CPU
		{36D966B2-2834-46A3-BA3E-7889A41B41B5}.Debug|x64.Build.0 = Debug|Any CPU
		{36D966B2-2834-46A3-BA3E-7889A41B41B5}.Debug|x86.ActiveCfg = Debug|Any CPU
		{36D966B2-2834-46A3-BA3E-7889A41B41B5}.Debug|x86.Build.0 = Debug|Any CPU
		{36D966B2-2834-46A3-BA3E-7889A41B41B5}.Release|Any CPU.ActiveCfg = Release|Any CPU
		{36D966B2-2834-46A3-BA3E-7889A41B41B5}.Release|Any CPU.Build.0 = Release|Any CPU
		{36D966B2-2834-46A3-BA3E-7889A41B41B5}.Release|x64.ActiveCfg = Release|Any CPU
		{36D966B2-2834-46A3-BA3E-7889A41B41B5}.Release|x64.Build.0 = Release|Any CPU
		{36D966B2-2834-46A3-BA3E-7889A41B41B5}.Release|x86.ActiveCfg = Release|Any CPU
		{36D966B2-2834-46A3-BA3E-7889A41B41B5}.Release|x86.Build.0 = Release|Any CPU
		{FFEBF44E-4CBD-4B7C-93E1-0D2569D31AFD}.Debug|Any CPU.ActiveCfg = Debug|Any CPU
		{FFEBF44E-4CBD-4B7C-93E1-0D2569D31AFD}.Debug|Any CPU.Build.0 = Debug|Any CPU
		{FFEBF44E-4CBD-4B7C-93E1-0D2569D31AFD}.Debug|x64.ActiveCfg = Debug|Any CPU
		{FFEBF44E-4CBD-4B7C-93E1-0D2569D31AFD}.Debug|x64.Build.0 = Debug|Any CPU
		{FFEBF44E-4CBD-4B7C-93E1-0D2569D31AFD}.Debug|x86.ActiveCfg = Debug|Any CPU
		{FFEBF44E-4CBD-4B7C-93E1-0D2569D31AFD}.Debug|x86.Build.0 = Debug|Any CPU
		{FFEBF44E-4CBD-4B7C-93E1-0D2569D31AFD}.Release|Any CPU.ActiveCfg = Release|Any CPU
		{FFEBF44E-4CBD-4B7C-93E1-0D2569D31AFD}.Release|Any CPU.Build.0 = Release|Any CPU
		{FFEBF44E-4CBD-4B7C-93E1-0D2569D31AFD}.Release|x64.ActiveCfg = Release|Any CPU
		{FFEBF44E-4CBD-4B7C-93E1-0D2569D31AFD}.Release|x64.Build.0 = Release|Any CPU
		{FFEBF44E-4CBD-4B7C-93E1-0D2569D31AFD}.Release|x86.ActiveCfg = Release|Any CPU
		{FFEBF44E-4CBD-4B7C-93E1-0D2569D31AFD}.Release|x86.Build.0 = Release|Any CPU
	EndGlobalSection
	GlobalSection(SolutionProperties) = preSolution
		HideSolutionNode = FALSE
	EndGlobalSection
EndGlobal
